# generated by rye
# use `rye lock` or `rye sync` to update this lockfile
#
# last locked with the following flags:
#   pre: false
#   features: []
#   all-features: false

-e file:.
asgiref==3.7.2
certifi==2023.11.17
charset-normalizer==3.3.2
django==4.2.7
idna==3.4
requests==2.31.0
sqlparse==0.4.4
urllib3==2.1.0
webcolors==1.13
